
Microsoft Visual Studio Solution File, Format Version 12.00
# Visual Studio Version 17
VisualStudioVersion = 17.8.34525.116
MinimumVisualStudioVersion = 10.0.40219.1
Project("{9A19103F-16F7-4668-BE54-9A1E7A4F7556}") = "SamsungInterview.Server", "SamsungInterview.Server\SamsungInterview.Server.csproj", "{9E0A953F-AB7C-4540-82A4-13A8E864A56E}"
EndProject
Project("{54A90642-561A-4BB1-A94E-469ADEE60C69}") = "samsunginterview.client", "samsunginterview.client\samsunginterview.client.esproj", "{E235F030-86C3-40AA-BA60-8CC199105708}"
EndProject
Project("{FAE04EC0-301F-11D3-BF4B-00C04F79EFBC}") = "SamsungInterview.Server.Tests", "SamsungInterview.Server.Tests\SamsungInterview.Server.Tests.csproj", "{0005C05C-AD3B-44AB-A593-8A14EBC693E8}"
EndProject
Project("{2150E333-8FDC-42A3-9474-1A3956D46DE8}") = "Solution Items", "Solution Items", "{F5D8656C-72EF-4F37-84BB-C6E6C0CF9D37}"
	ProjectSection(SolutionItems) = preProject
		Readme.md = Readme.md
	EndProjectSection
EndProject
Global
	GlobalSection(SolutionConfigurationPlatforms) = preSolution
		Debug|Any CPU = Debug|Any CPU
		Release|Any CPU = Release|Any CPU
	EndGlobalSection
	GlobalSection(ProjectConfigurationPlatforms) = postSolution
		{9E0A953F-AB7C-4540-82A4-13A8E864A56E}.Debug|Any CPU.ActiveCfg = Debug|Any CPU
		{9E0A953F-AB7C-4540-82A4-13A8E864A56E}.Debug|Any CPU.Build.0 = Debug|Any CPU
		{9E0A953F-AB7C-4540-82A4-13A8E864A56E}.Release|Any CPU.ActiveCfg = Release|Any CPU
		{9E0A953F-AB7C-4540-82A4-13A8E864A56E}.Release|Any CPU.Build.0 = Release|Any CPU
		{E235F030-86C3-40AA-BA60-8CC199105708}.Debug|Any CPU.ActiveCfg = Debug|Any CPU
		{E235F030-86C3-40AA-BA60-8CC199105708}.Debug|Any CPU.Build.0 = Debug|Any CPU
		{E235F030-86C3-40AA-BA60-8CC199105708}.Debug|Any CPU.Deploy.0 = Debug|Any CPU
		{E235F030-86C3-40AA-BA60-8CC199105708}.Release|Any CPU.ActiveCfg = Release|Any CPU
		{E235F030-86C3-40AA-BA60-8CC199105708}.Release|Any CPU.Build.0 = Release|Any CPU
		{E235F030-86C3-40AA-BA60-8CC199105708}.Release|Any CPU.Deploy.0 = Release|Any CPU
		{0005C05C-AD3B-44AB-A593-8A14EBC693E8}.Debug|Any CPU.ActiveCfg = Debug|Any CPU
		{0005C05C-AD3B-44AB-A593-8A14EBC693E8}.Debug|Any CPU.Build.0 = Debug|Any CPU
		{0005C05C-AD3B-44AB-A593-8A14EBC693E8}.Release|Any CPU.ActiveCfg = Release|Any CPU
		{0005C05C-AD3B-44AB-A593-8A14EBC693E8}.Release|Any CPU.Build.0 = Release|Any CPU
	EndGlobalSection
	GlobalSection(SolutionProperties) = preSolution
		HideSolutionNode = FALSE
	EndGlobalSection
	GlobalSection(ExtensibilityGlobals) = postSolution
		SolutionGuid = {3F98EFB7-FD1C-4F84-B8FA-7ADC2700A1B3}
	EndGlobalSection
EndGlobal
